
Microsoft Visual Studio Solution File, Format Version 12.00
# Visual Studio Version 16
VisualStudioVersion = 16.0.30907.101
MinimumVisualStudioVersion = 10.0.40219.1
Project("{FAE04EC0-301F-11D3-BF4B-00C04F79EFBC}") = "MessageBoard", "MessageBoard.csproj", "{366617E9-7598-4344-9396-F7EFC5F32EE7}"
EndProject
Global
	GlobalSection(SolutionConfigurationPlatforms) = preSolution
		Debug|Any CPU = Debug|Any CPU
		Release|Any CPU = Release|Any CPU
	EndGlobalSection
	GlobalSection(ProjectConfigurationPlatforms) = postSolution
		{366617E9-7598-4344-9396-F7EFC5F32EE7}.Debug|Any CPU.ActiveCfg = Debug|Any CPU
		{366617E9-7598-4344-9396-F7EFC5F32EE7}.Debug|Any CPU.Build.0 = Debug|Any CPU
		{366617E9-7598-4344-9396-F7EFC5F32EE7}.Release|Any CPU.ActiveCfg = Release|Any CPU
		{366617E9-7598-4344-9396-F7EFC5F32EE7}.Release|Any CPU.Build.0 = Release|Any CPU
	EndGlobalSection
	GlobalSection(SolutionProperties) = preSolution
		HideSolutionNode = FALSE
	EndGlobalSection
	GlobalSection(ExtensibilityGlobals) = postSolution
		SolutionGuid = {DEAA9210-735A-49B5-81C9-3B672783134C}
	EndGlobalSection
EndGlobal
